
Microsoft Visual Studio Solution File, Format Version 12.00
# Visual Studio Version 17
VisualStudioVersion = 17.14.36623.8
MinimumVisualStudioVersion = 10.0.40219.1
Project("{FAE04EC0-301F-11D3-BF4B-00C04F79EFBC}") = "ExpenseManager.Services", "..\ExpenseManager.Services\ExpenseManager.Services.csproj", "{D774B505-BE0C-4EA7-8893-3EFDDDBA72E1}"
EndProject
Project("{FAE04EC0-301F-11D3-BF4B-00C04F79EFBC}") = "ExpenseManager.WPF", "..\ExpenseManager.WPF\ExpenseManager.WPF.csproj", "{7C8E7B25-9C46-4B77-ACD7-F527CA664BFA}"
EndProject
Project("{FAE04EC0-301F-11D3-BF4B-00C04F79EFBC}") = "ExpenseManager.Repositories", "..\ExpenseManager.Repositories\ExpenseManager.Repositories.csproj", "{08DE8884-8B06-4D92-9D9F-F8BD3A9D2BC3}"
EndProject
Global
	GlobalSection(SolutionConfigurationPlatforms) = preSolution
		Debug|Any CPU = Debug|Any CPU
		Debug|x64 = Debug|x64
		Debug|x86 = Debug|x86
		Release|Any CPU = Release|Any CPU
		Release|x64 = Release|x64
		Release|x86 = Release|x86
	EndGlobalSection
	GlobalSection(ProjectConfigurationPlatforms) = postSolution
		{D774B505-BE0C-4EA7-8893-3EFDDDBA72E1}.Debug|Any CPU.ActiveCfg = Debug|Any CPU
		{D774B505-BE0C-4EA7-8893-3EFDDDBA72E1}.Debug|Any CPU.Build.0 = Debug|Any CPU
		{D774B505-BE0C-4EA7-8893-3EFDDDBA72E1}.Debug|x64.ActiveCfg = Debug|Any CPU
		{D774B505-BE0C-4EA7-8893-3EFDDDBA72E1}.Debug|x64.Build.0 = Debug|Any CPU
		{D774B505-BE0C-4EA7-8893-3EFDDDBA72E1}.Debug|x86.ActiveCfg = Debug|Any CPU
		{D774B505-BE0C-4EA7-8893-3EFDDDBA72E1}.Debug|x86.Build.0 = Debug|Any CPU
		{D774B505-BE0C-4EA7-8893-3EFDDDBA72E1}.Release|Any CPU.ActiveCfg = Release|Any CPU
		{D774B505-BE0C-4EA7-8893-3EFDDDBA72E1}.Release|Any CPU.Build.0 = Release|Any CPU
		{D774B505-BE0C-4EA7-8893-3EFDDDBA72E1}.Release|x64.ActiveCfg = Release|Any CPU
		{D774B505-BE0C-4EA7-8893-3EFDDDBA72E1}.Release|x64.Build.0 = Release|Any CPU
		{D774B505-BE0C-4EA7-8893-3EFDDDBA72E1}.Release|x86.ActiveCfg = Release|Any CPU
		{D774B505-BE0C-4EA7-8893-3EFDDDBA72E1}.Release|x86.Build.0 = Release|Any CPU
		{7C8E7B25-9C46-4B77-ACD7-F527CA664BFA}.Debug|Any CPU.ActiveCfg = Debug|Any CPU
		{7C8E7B25-9C46-4B77-ACD7-F527CA664BFA}.Debug|Any CPU.Build.0 = Debug|Any CPU
		{7C8E7B25-9C46-4B77-ACD7-F527CA664BFA}.Debug|x64.ActiveCfg = Debug|Any CPU
		{7C8E7B25-9C46-4B77-ACD7-F527CA664BFA}.Debug|x64.Build.0 = Debug|Any CPU
		{7C8E7B25-9C46-4B77-ACD7-F527CA664BFA}.Debug|x86.ActiveCfg = Debug|Any CPU
		{7C8E7B25-9C46-4B77-ACD7-F527CA664BFA}.Debug|x86.Build.0 = Debug|Any CPU
		{7C8E7B25-9C46-4B77-ACD7-F527CA664BFA}.Release|Any CPU.ActiveCfg = Release|Any CPU
		{7C8E7B25-9C46-4B77-ACD7-F527CA664BFA}.Release|Any CPU.Build.0 = Release|Any CPU
		{7C8E7B25-9C46-4B77-ACD7-F527CA664BFA}.Release|x64.ActiveCfg = Release|Any CPU
		{7C8E7B25-9C46-4B77-ACD7-F527CA664BFA}.Release|x64.Build.0 = Release|Any CPU
		{7C8E7B25-9C46-4B77-ACD7-F527CA664BFA}.Release|x86.ActiveCfg = Release|Any CPU
		{7C8E7B25-9C46-4B77-ACD7-F527CA664BFA}.Release|x86.Build.0 = Release|Any CPU
		{08DE8884-8B06-4D92-9D9F-F8BD3A9D2BC3}.Debug|Any CPU.ActiveCfg = Debug|Any CPU
		{08DE8884-8B06-4D92-9D9F-F8BD3A9D2BC3}.Debug|Any CPU.Build.0 = Debug|Any CPU
		{08DE8884-8B06-4D92-9D9F-F8BD3A9D2BC3}.Debug|x64.ActiveCfg = Debug|Any CPU
		{08DE8884-8B06-4D92-9D9F-F8BD3A9D2BC3}.Debug|x64.Build.0 = Debug|Any CPU
		{08DE8884-8B06-4D92-9D9F-F8BD3A9D2BC3}.Debug|x86.ActiveCfg = Debug|Any CPU
		{08DE8884-8B06-4D92-9D9F-F8BD3A9D2BC3}.Debug|x86.Build.0 = Debug|Any CPU
		{08DE8884-8B06-4D92-9D9F-F8BD3A9D2BC3}.Release|Any CPU.ActiveCfg = Release|Any CPU
		{08DE8884-8B06-4D92-9D9F-F8BD3A9D2BC3}.Release|Any CPU.Build.0 = Release|Any CPU
		{08DE8884-8B06-4D92-9D9F-F8BD3A9D2BC3}.Release|x64.ActiveCfg = Release|Any CPU
		{08DE8884-8B06-4D92-9D9F-F8BD3A9D2BC3}.Release|x64.Build.0 = Release|Any CPU
		{08DE8884-8B06-4D92-9D9F-F8BD3A9D2BC3}.Release|x86.ActiveCfg = Release|Any CPU
		{08DE8884-8B06-4D92-9D9F-F8BD3A9D2BC3}.Release|x86.Build.0 = Release|Any CPU
	EndGlobalSection
	GlobalSection(SolutionProperties) = preSolution
		HideSolutionNode = FALSE
	EndGlobalSection
	GlobalSection(ExtensibilityGlobals) = postSolution
		SolutionGuid = {B4187774-9828-41F0-A776-7CA224DE1E86}
	EndGlobalSection
EndGlobal
